
Microsoft Visual Studio Solution File, Format Version 12.00
# Visual Studio 15
VisualStudioVersion = 15.0.28307.572
MinimumVisualStudioVersion = 10.0.40219.1
Project("{FAE04EC0-301F-11D3-BF4B-00C04F79EFBC}") = "askaway", "askaway\askaway.csproj", "{4A76F977-2FBE-4372-B4F1-D1EEE1C283C0}"
EndProject
Global
	GlobalSection(SolutionConfigurationPlatforms) = preSolution
		Debug|Any CPU = Debug|Any CPU
		Release|Any CPU = Release|Any CPU
	EndGlobalSection
	GlobalSection(ProjectConfigurationPlatforms) = postSolution
		{4A76F977-2FBE-4372-B4F1-D1EEE1C283C0}.Debug|Any CPU.ActiveCfg = Debug|Any CPU
		{4A76F977-2FBE-4372-B4F1-D1EEE1C283C0}.Debug|Any CPU.Build.0 = Debug|Any CPU
		{4A76F977-2FBE-4372-B4F1-D1EEE1C283C0}.Release|Any CPU.ActiveCfg = Release|Any CPU
		{4A76F977-2FBE-4372-B4F1-D1EEE1C283C0}.Release|Any CPU.Build.0 = Release|Any CPU
	EndGlobalSection
	GlobalSection(SolutionProperties) = preSolution
		HideSolutionNode = FALSE
	EndGlobalSection
	GlobalSection(ExtensibilityGlobals) = postSolution
		SolutionGuid = {B891FB60-B682-4F24-BF5C-F80AB872DD76}
	EndGlobalSection
EndGlobal
